
Microsoft Visual Studio Solution File, Format Version 12.00
# Visual Studio Version 16
VisualStudioVersion = 16.0.30309.148
MinimumVisualStudioVersion = 10.0.40219.1
Project("{9A19103F-16F7-4668-BE54-9A1E7A4F7556}") = "dotnetBuzz.Functions", "dotnetBuzz.Functions.csproj", "{73B7B7D5-455E-43A6-BDA6-1D5D63D65D49}"
EndProject
Global
	GlobalSection(SolutionConfigurationPlatforms) = preSolution
		Debug|Any CPU = Debug|Any CPU
		Release|Any CPU = Release|Any CPU
	EndGlobalSection
	GlobalSection(ProjectConfigurationPlatforms) = postSolution
		{73B7B7D5-455E-43A6-BDA6-1D5D63D65D49}.Debug|Any CPU.ActiveCfg = Debug|Any CPU
		{73B7B7D5-455E-43A6-BDA6-1D5D63D65D49}.Debug|Any CPU.Build.0 = Debug|Any CPU
		{73B7B7D5-455E-43A6-BDA6-1D5D63D65D49}.Release|Any CPU.ActiveCfg = Release|Any CPU
		{73B7B7D5-455E-43A6-BDA6-1D5D63D65D49}.Release|Any CPU.Build.0 = Release|Any CPU
	EndGlobalSection
	GlobalSection(SolutionProperties) = preSolution
		HideSolutionNode = FALSE
	EndGlobalSection
	GlobalSection(ExtensibilityGlobals) = postSolution
		SolutionGuid = {CD456834-D60A-48F6-B564-D25F0B984A1A}
	EndGlobalSection
EndGlobal
